
Microsoft Visual Studio Solution File, Format Version 12.00
# Visual Studio 15
Project("{FAE04EC0-301F-11D3-BF4B-00C04F79EFBC}") = "UnityEngine.TestRunner", "UnityEngine.TestRunner.csproj", "{CE88EB73-6907-C583-CD9D-372EC1B72888}"
EndProject
Project("{FAE04EC0-301F-11D3-BF4B-00C04F79EFBC}") = "Unity.Timeline", "Unity.Timeline.csproj", "{A64E317C-395C-53ED-4FFE-CF70898B5952}"
EndProject
Project("{FAE04EC0-301F-11D3-BF4B-00C04F79EFBC}") = "UnityEngine.UI", "UnityEngine.UI.csproj", "{1503ED4A-877A-909D-79BF-24CD4D75A800}"
EndProject
Project("{FAE04EC0-301F-11D3-BF4B-00C04F79EFBC}") = "Unity.TextMeshPro", "Unity.TextMeshPro.csproj", "{6C11180D-56DF-8467-61DA-A92A3C186ED5}"
EndProject
Project("{FAE04EC0-301F-11D3-BF4B-00C04F79EFBC}") = "Assembly-CSharp-firstpass", "Assembly-CSharp-firstpass.csproj", "{C7E75458-6FDD-3E26-8BE4-7500846C3111}"
EndProject
Project("{FAE04EC0-301F-11D3-BF4B-00C04F79EFBC}") = "Assembly-CSharp", "Assembly-CSharp.csproj", "{0D842E6C-D44B-0856-3814-2C714C5B8CDF}"
EndProject
Project("{FAE04EC0-301F-11D3-BF4B-00C04F79EFBC}") = "UnityEditor.TestRunner", "UnityEditor.TestRunner.csproj", "{48E0C835-CB3A-38C1-EEE7-DB6364BBF149}"
EndProject
Project("{FAE04EC0-301F-11D3-BF4B-00C04F79EFBC}") = "Unity.PlasticSCM.Editor", "Unity.PlasticSCM.Editor.csproj", "{C8B073D8-CE16-8746-27D7-2D813462FF6A}"
EndProject
Project("{FAE04EC0-301F-11D3-BF4B-00C04F79EFBC}") = "UnityEditor.UI", "UnityEditor.UI.csproj", "{62F524FB-9A69-16B0-F8A6-C7778B9BEE56}"
EndProject
Project("{FAE04EC0-301F-11D3-BF4B-00C04F79EFBC}") = "Unity.Services.Core.Editor", "Unity.Services.Core.Editor.csproj", "{23BC5516-9308-BCD4-1704-4298F1941CD2}"
EndProject
Project("{FAE04EC0-301F-11D3-BF4B-00C04F79EFBC}") = "Unity.Timeline.Editor", "Unity.Timeline.Editor.csproj", "{064D6233-3E54-6989-88EC-11C8C9494A55}"
EndProject
Project("{FAE04EC0-301F-11D3-BF4B-00C04F79EFBC}") = "Unity.VisualStudio.Editor", "Unity.VisualStudio.Editor.csproj", "{658BF231-FD0F-3BDA-8BA1-38555298D2EA}"
EndProject
Project("{FAE04EC0-301F-11D3-BF4B-00C04F79EFBC}") = "Unity.TextMeshPro.Editor", "Unity.TextMeshPro.Editor.csproj", "{948D18E4-4EE2-C042-9F42-4FDFCF15CAFB}"
EndProject
Project("{FAE04EC0-301F-11D3-BF4B-00C04F79EFBC}") = "Unity.CollabProxy.Editor", "Unity.CollabProxy.Editor.csproj", "{2E710693-ADA1-43E4-7AEC-5A94530163E4}"
EndProject
Project("{FAE04EC0-301F-11D3-BF4B-00C04F79EFBC}") = "Unity.Rider.Editor", "Unity.Rider.Editor.csproj", "{6C6FAE0B-7D90-0CEB-3655-F294A0B8B707}"
EndProject
Project("{FAE04EC0-301F-11D3-BF4B-00C04F79EFBC}") = "Unity.VSCode.Editor", "Unity.VSCode.Editor.csproj", "{C82C18F3-2655-D60C-B415-B16DE0926517}"
EndProject
Project("{FAE04EC0-301F-11D3-BF4B-00C04F79EFBC}") = "UnityEngine.TestRunner", "UnityEngine.TestRunner.Player.csproj", "{3EAE0615-1A4E-9217-CAF0-C3A01062081E}"
EndProject
Project("{FAE04EC0-301F-11D3-BF4B-00C04F79EFBC}") = "Unity.Timeline", "Unity.Timeline.Player.csproj", "{77812307-D2EB-72FD-B529-A8F17CD2E0BB}"
EndProject
Project("{FAE04EC0-301F-11D3-BF4B-00C04F79EFBC}") = "UnityEngine.UI", "UnityEngine.UI.Player.csproj", "{CB7FA4AE-65A5-AA7A-F423-43C6E3B8F400}"
EndProject
Project("{FAE04EC0-301F-11D3-BF4B-00C04F79EFBC}") = "Unity.TextMeshPro", "Unity.TextMeshPro.Player.csproj", "{58B33E80-EA54-A135-4691-257014A10019}"
EndProject
Project("{FAE04EC0-301F-11D3-BF4B-00C04F79EFBC}") = "Assembly-CSharp-firstpass", "Assembly-CSharp-firstpass.Player.csproj", "{558589A3-7D5D-6495-6E58-AB1B1BA54B0E}"
EndProject
Project("{FAE04EC0-301F-11D3-BF4B-00C04F79EFBC}") = "Assembly-CSharp", "Assembly-CSharp.Player.csproj", "{933C476D-BF71-46E5-4F18-DB063C08D76E}"
EndProject
Global
	GlobalSection(SolutionConfigurationPlatforms) = preSolution
		Debug|Any CPU = Debug|Any CPU
		Release|Any CPU = Release|Any CPU
	EndGlobalSection
	GlobalSection(ProjectConfigurationPlatforms) = postSolution
		{CE88EB73-6907-C583-CD9D-372EC1B72888}.Debug|Any CPU.ActiveCfg = Debug|Any CPU
		{CE88EB73-6907-C583-CD9D-372EC1B72888}.Debug|Any CPU.Build.0 = Debug|Any CPU
		{CE88EB73-6907-C583-CD9D-372EC1B72888}.Release|Any CPU.ActiveCfg = Release|Any CPU
		{CE88EB73-6907-C583-CD9D-372EC1B72888}.Release|Any CPU.Build.0 = Release|Any CPU
		{A64E317C-395C-53ED-4FFE-CF70898B5952}.Debug|Any CPU.ActiveCfg = Debug|Any CPU
		{A64E317C-395C-53ED-4FFE-CF70898B5952}.Debug|Any CPU.Build.0 = Debug|Any CPU
		{A64E317C-395C-53ED-4FFE-CF70898B5952}.Release|Any CPU.ActiveCfg = Release|Any CPU
		{A64E317C-395C-53ED-4FFE-CF70898B5952}.Release|Any CPU.Build.0 = Release|Any CPU
		{1503ED4A-877A-909D-79BF-24CD4D75A800}.Debug|Any CPU.ActiveCfg = Debug|Any CPU
		{1503ED4A-877A-909D-79BF-24CD4D75A800}.Debug|Any CPU.Build.0 = Debug|Any CPU
		{1503ED4A-877A-909D-79BF-24CD4D75A800}.Release|Any CPU.ActiveCfg = Release|Any CPU
		{1503ED4A-877A-909D-79BF-24CD4D75A800}.Release|Any CPU.Build.0 = Release|Any CPU
		{6C11180D-56DF-8467-61DA-A92A3C186ED5}.Debug|Any CPU.ActiveCfg = Debug|Any CPU
		{6C11180D-56DF-8467-61DA-A92A3C186ED5}.Debug|Any CPU.Build.0 = Debug|Any CPU
		{6C11180D-56DF-8467-61DA-A92A3C186ED5}.Release|Any CPU.ActiveCfg = Release|Any CPU
		{6C11180D-56DF-8467-61DA-A92A3C186ED5}.Release|Any CPU.Build.0 = Release|Any CPU
		{C7E75458-6FDD-3E26-8BE4-7500846C3111}.Debug|Any CPU.ActiveCfg = Debug|Any CPU
		{C7E75458-6FDD-3E26-8BE4-7500846C3111}.Debug|Any CPU.Build.0 = Debug|Any CPU
		{C7E75458-6FDD-3E26-8BE4-7500846C3111}.Release|Any CPU.ActiveCfg = Release|Any CPU
		{C7E75458-6FDD-3E26-8BE4-7500846C3111}.Release|Any CPU.Build.0 = Release|Any CPU
		{0D842E6C-D44B-0856-3814-2C714C5B8CDF}.Debug|Any CPU.ActiveCfg = Debug|Any CPU
		{0D842E6C-D44B-0856-3814-2C714C5B8CDF}.Debug|Any CPU.Build.0 = Debug|Any CPU
		{0D842E6C-D44B-0856-3814-2C714C5B8CDF}.Release|Any CPU.ActiveCfg = Release|Any CPU
		{0D842E6C-D44B-0856-3814-2C714C5B8CDF}.Release|Any CPU.Build.0 = Release|Any CPU
		{48E0C835-CB3A-38C1-EEE7-DB6364BBF149}.Debug|Any CPU.ActiveCfg = Debug|Any CPU
		{48E0C835-CB3A-38C1-EEE7-DB6364BBF149}.Debug|Any CPU.Build.0 = Debug|Any CPU
		{48E0C835-CB3A-38C1-EEE7-DB6364BBF149}.Release|Any CPU.ActiveCfg = Release|Any CPU
		{48E0C835-CB3A-38C1-EEE7-DB6364BBF149}.Release|Any CPU.Build.0 = Release|Any CPU
		{C8B073D8-CE16-8746-27D7-2D813462FF6A}.Debug|Any CPU.ActiveCfg = Debug|Any CPU
		{C8B073D8-CE16-8746-27D7-2D813462FF6A}.Debug|Any CPU.Build.0 = Debug|Any CPU
		{C8B073D8-CE16-8746-27D7-2D813462FF6A}.Release|Any CPU.ActiveCfg = Release|Any CPU
		{C8B073D8-CE16-8746-27D7-2D813462FF6A}.Release|Any CPU.Build.0 = Release|Any CPU
		{62F524FB-9A69-16B0-F8A6-C7778B9BEE56}.Debug|Any CPU.ActiveCfg = Debug|Any CPU
		{62F524FB-9A69-16B0-F8A6-C7778B9BEE56}.Debug|Any CPU.Build.0 = Debug|Any CPU
		{62F524FB-9A69-16B0-F8A6-C7778B9BEE56}.Release|Any CPU.ActiveCfg = Release|Any CPU
		{62F524FB-9A69-16B0-F8A6-C7778B9BEE56}.Release|Any CPU.Build.0 = Release|Any CPU
		{23BC5516-9308-BCD4-1704-4298F1941CD2}.Debug|Any CPU.ActiveCfg = Debug|Any CPU
		{23BC5516-9308-BCD4-1704-4298F1941CD2}.Debug|Any CPU.Build.0 = Debug|Any CPU
		{23BC5516-9308-BCD4-1704-4298F1941CD2}.Release|Any CPU.ActiveCfg = Release|Any CPU
		{23BC5516-9308-BCD4-1704-4298F1941CD2}.Release|Any CPU.Build.0 = Release|Any CPU
		{064D6233-3E54-6989-88EC-11C8C9494A55}.Debug|Any CPU.ActiveCfg = Debug|Any CPU
		{064D6233-3E54-6989-88EC-11C8C9494A55}.Debug|Any CPU.Build.0 = Debug|Any CPU
		{064D6233-3E54-6989-88EC-11C8C9494A55}.Release|Any CPU.ActiveCfg = Release|Any CPU
		{064D6233-3E54-6989-88EC-11C8C9494A55}.Release|Any CPU.Build.0 = Release|Any CPU
		{658BF231-FD0F-3BDA-8BA1-38555298D2EA}.Debug|Any CPU.ActiveCfg = Debug|Any CPU
		{658BF231-FD0F-3BDA-8BA1-38555298D2EA}.Debug|Any CPU.Build.0 = Debug|Any CPU
		{658BF231-FD0F-3BDA-8BA1-38555298D2EA}.Release|Any CPU.ActiveCfg = Release|Any CPU
		{658BF231-FD0F-3BDA-8BA1-38555298D2EA}.Release|Any CPU.Build.0 = Release|Any CPU
		{948D18E4-4EE2-C042-9F42-4FDFCF15CAFB}.Debug|Any CPU.ActiveCfg = Debug|Any CPU
		{948D18E4-4EE2-C042-9F42-4FDFCF15CAFB}.Debug|Any CPU.Build.0 = Debug|Any CPU
		{948D18E4-4EE2-C042-9F42-4FDFCF15CAFB}.Release|Any CPU.ActiveCfg = Release|Any CPU
		{948D18E4-4EE2-C042-9F42-4FDFCF15CAFB}.Release|Any CPU.Build.0 = Release|Any CPU
		{2E710693-ADA1-43E4-7AEC-5A94530163E4}.Debug|Any CPU.ActiveCfg = Debug|Any CPU
		{2E710693-ADA1-43E4-7AEC-5A94530163E4}.Debug|Any CPU.Build.0 = Debug|Any CPU
		{2E710693-ADA1-43E4-7AEC-5A94530163E4}.Release|Any CPU.ActiveCfg = Release|Any CPU
		{2E710693-ADA1-43E4-7AEC-5A94530163E4}.Release|Any CPU.Build.0 = Release|Any CPU
		{6C6FAE0B-7D90-0CEB-3655-F294A0B8B707}.Debug|Any CPU.ActiveCfg = Debug|Any CPU
		{6C6FAE0B-7D90-0CEB-3655-F294A0B8B707}.Debug|Any CPU.Build.0 = Debug|Any CPU
		{6C6FAE0B-7D90-0CEB-3655-F294A0B8B707}.Release|Any CPU.ActiveCfg = Release|Any CPU
		{6C6FAE0B-7D90-0CEB-3655-F294A0B8B707}.Release|Any CPU.Build.0 = Release|Any CPU
		{C82C18F3-2655-D60C-B415-B16DE0926517}.Debug|Any CPU.ActiveCfg = Debug|Any CPU
		{C82C18F3-2655-D60C-B415-B16DE0926517}.Debug|Any CPU.Build.0 = Debug|Any CPU
		{C82C18F3-2655-D60C-B415-B16DE0926517}.Release|Any CPU.ActiveCfg = Release|Any CPU
		{C82C18F3-2655-D60C-B415-B16DE0926517}.Release|Any CPU.Build.0 = Release|Any CPU
		{3EAE0615-1A4E-9217-CAF0-C3A01062081E}.Debug|Any CPU.ActiveCfg = Debug|Any CPU
		{3EAE0615-1A4E-9217-CAF0-C3A01062081E}.Debug|Any CPU.Build.0 = Debug|Any CPU
		{3EAE0615-1A4E-9217-CAF0-C3A01062081E}.Release|Any CPU.ActiveCfg = Release|Any CPU
		{3EAE0615-1A4E-9217-CAF0-C3A01062081E}.Release|Any CPU.Build.0 = Release|Any CPU
		{77812307-D2EB-72FD-B529-A8F17CD2E0BB}.Debug|Any CPU.ActiveCfg = Debug|Any CPU
		{77812307-D2EB-72FD-B529-A8F17CD2E0BB}.Debug|Any CPU.Build.0 = Debug|Any CPU
		{77812307-D2EB-72FD-B529-A8F17CD2E0BB}.Release|Any CPU.ActiveCfg = Release|Any CPU
		{77812307-D2EB-72FD-B529-A8F17CD2E0BB}.Release|Any CPU.Build.0 = Release|Any CPU
		{CB7FA4AE-65A5-AA7A-F423-43C6E3B8F400}.Debug|Any CPU.ActiveCfg = Debug|Any CPU
		{CB7FA4AE-65A5-AA7A-F423-43C6E3B8F400}.Debug|Any CPU.Build.0 = Debug|Any CPU
		{CB7FA4AE-65A5-AA7A-F423-43C6E3B8F400}.Release|Any CPU.ActiveCfg = Release|Any CPU
		{CB7FA4AE-65A5-AA7A-F423-43C6E3B8F400}.Release|Any CPU.Build.0 = Release|Any CPU
		{58B33E80-EA54-A135-4691-257014A10019}.Debug|Any CPU.ActiveCfg = Debug|Any CPU
		{58B33E80-EA54-A135-4691-257014A10019}.Debug|Any CPU.Build.0 = Debug|Any CPU
		{58B33E80-EA54-A135-4691-257014A10019}.Release|Any CPU.ActiveCfg = Release|Any CPU
		{58B33E80-EA54-A135-4691-257014A10019}.Release|Any CPU.Build.0 = Release|Any CPU
		{558589A3-7D5D-6495-6E58-AB1B1BA54B0E}.Debug|Any CPU.ActiveCfg = Debug|Any CPU
		{558589A3-7D5D-6495-6E58-AB1B1BA54B0E}.Debug|Any CPU.Build.0 = Debug|Any CPU
		{558589A3-7D5D-6495-6E58-AB1B1BA54B0E}.Release|Any CPU.ActiveCfg = Release|Any CPU
		{558589A3-7D5D-6495-6E58-AB1B1BA54B0E}.Release|Any CPU.Build.0 = Release|Any CPU
		{933C476D-BF71-46E5-4F18-DB063C08D76E}.Debug|Any CPU.ActiveCfg = Debug|Any CPU
		{933C476D-BF71-46E5-4F18-DB063C08D76E}.Debug|Any CPU.Build.0 = Debug|Any CPU
		{933C476D-BF71-46E5-4F18-DB063C08D76E}.Release|Any CPU.ActiveCfg = Release|Any CPU
		{933C476D-BF71-46E5-4F18-DB063C08D76E}.Release|Any CPU.Build.0 = Release|Any CPU
	EndGlobalSection
	GlobalSection(SolutionProperties) = preSolution
		HideSolutionNode = FALSE
	EndGlobalSection
EndGlobal
